
Microsoft Visual Studio Solution File, Format Version 12.00
# Visual Studio Version 17
VisualStudioVersion = 17.10.35122.118
MinimumVisualStudioVersion = 10.0.40219.1
Project("{FAE04EC0-301F-11D3-BF4B-00C04F79EFBC}") = "API.CadastroBasico", "API.CadastroBasico\API.CadastroBasico.csproj", "{1A3C05B2-4C16-4A2E-B65D-16F56715E018}"
EndProject
Global
	GlobalSection(SolutionConfigurationPlatforms) = preSolution
		Debug|Any CPU = Debug|Any CPU
		Release|Any CPU = Release|Any CPU
	EndGlobalSection
	GlobalSection(ProjectConfigurationPlatforms) = postSolution
		{1A3C05B2-4C16-4A2E-B65D-16F56715E018}.Debug|Any CPU.ActiveCfg = Debug|Any CPU
		{1A3C05B2-4C16-4A2E-B65D-16F56715E018}.Debug|Any CPU.Build.0 = Debug|Any CPU
		{1A3C05B2-4C16-4A2E-B65D-16F56715E018}.Release|Any CPU.ActiveCfg = Release|Any CPU
		{1A3C05B2-4C16-4A2E-B65D-16F56715E018}.Release|Any CPU.Build.0 = Release|Any CPU
	EndGlobalSection
	GlobalSection(SolutionProperties) = preSolution
		HideSolutionNode = FALSE
	EndGlobalSection
	GlobalSection(ExtensibilityGlobals) = postSolution
		SolutionGuid = {E5DB8D3A-9416-4762-B744-4F69EA266F98}
	EndGlobalSection
EndGlobal
